
Microsoft Visual Studio Solution File, Format Version 12.00
# Visual Studio 15
Project("{FAE04EC0-301F-11D3-BF4B-00C04F79EFBC}") = "SixthLessonConstructorProporties", "SixthLessonConstructorProporties\SixthLessonConstructorProporties.csproj", "{EA051527-5A32-477F-A743-567CC60167D2}"
EndProject
Global
	GlobalSection(SolutionConfigurationPlatforms) = preSolution
		Debug|anycpu = Debug|anycpu
		Release|anycpu = Release|anycpu
	EndGlobalSection
	GlobalSection(ProjectConfigurationPlatforms) = postSolution
		{EA051527-5A32-477F-A743-567CC60167D2}.Debug|anycpu.ActiveCfg = Debug|anycpu
		{EA051527-5A32-477F-A743-567CC60167D2}.Debug|anycpu.Build.0 = Debug|anycpu
		{EA051527-5A32-477F-A743-567CC60167D2}.Release|anycpu.ActiveCfg = Release|anycpu
		{EA051527-5A32-477F-A743-567CC60167D2}.Release|anycpu.Build.0 = Release|anycpu
	EndGlobalSection
EndGlobal
