
Microsoft Visual Studio Solution File, Format Version 12.00
# Visual Studio 15
Project("{FAE04EC0-301F-11D3-BF4B-00C04F79EFBC}") = "FifthLessonCSharp", "FifthLessonCSharp\FifthLessonCSharp.csproj", "{C8275350-161F-4102-A72C-8D68C4BC841F}"
EndProject
Global
	GlobalSection(SolutionConfigurationPlatforms) = preSolution
		Debug|anycpu = Debug|anycpu
		Release|anycpu = Release|anycpu
	EndGlobalSection
	GlobalSection(ProjectConfigurationPlatforms) = postSolution
		{C8275350-161F-4102-A72C-8D68C4BC841F}.Debug|anycpu.ActiveCfg = Debug|anycpu
		{C8275350-161F-4102-A72C-8D68C4BC841F}.Debug|anycpu.Build.0 = Debug|anycpu
		{C8275350-161F-4102-A72C-8D68C4BC841F}.Release|anycpu.ActiveCfg = Release|anycpu
		{C8275350-161F-4102-A72C-8D68C4BC841F}.Release|anycpu.Build.0 = Release|anycpu
	EndGlobalSection
EndGlobal
