
Microsoft Visual Studio Solution File, Format Version 12.00
# Visual Studio 15
Project("{FAE04EC0-301F-11D3-BF4B-00C04F79EFBC}") = "FirsCSharpLessonderekBanas", "FirsCSharpLessonderekBanas\FirsCSharpLessonderekBanas.csproj", "{E231353A-14D8-4864-841F-2B8CAAA68168}"
EndProject
Global
	GlobalSection(SolutionConfigurationPlatforms) = preSolution
		Debug|anycpu = Debug|anycpu
		Release|anycpu = Release|anycpu
	EndGlobalSection
	GlobalSection(ProjectConfigurationPlatforms) = postSolution
		{E231353A-14D8-4864-841F-2B8CAAA68168}.Debug|anycpu.ActiveCfg = Debug|anycpu
		{E231353A-14D8-4864-841F-2B8CAAA68168}.Debug|anycpu.Build.0 = Debug|anycpu
		{E231353A-14D8-4864-841F-2B8CAAA68168}.Release|anycpu.ActiveCfg = Release|anycpu
		{E231353A-14D8-4864-841F-2B8CAAA68168}.Release|anycpu.Build.0 = Release|anycpu
	EndGlobalSection
EndGlobal
